{
  "pins" : [
    {
      "identity" : "kyugenericextensions",
      "kind" : "remoteSourceControl",
      "location" : "https://github.com/kyuuuyki/KyuGenericExtensions.git",
      "state" : {
        "branch" : "main",
        "revision" : "68f9e55212c90aaa29ebdf3bdefd1e284e8685f2"
      }
    }
  ],
  "version" : 2
}
